
Microsoft Visual Studio Solution File, Format Version 12.00
# Visual Studio 15
VisualStudioVersion = 15.0.27703.2018
MinimumVisualStudioVersion = 10.0.40219.1
Project("{FAE04EC0-301F-11D3-BF4B-00C04F79EFBC}") = "ListView1.Android", "ListView1\ListView1.Android\ListView1.Android.csproj", "{45EC18EB-C023-4C69-B770-9A1DC99103EF}"
EndProject
Project("{FAE04EC0-301F-11D3-BF4B-00C04F79EFBC}") = "ListView1", "ListView1\ListView1\ListView1.csproj", "{73CA00A6-0CD1-4D6E-8D68-2830FAF6CD79}"
EndProject
Global
	GlobalSection(SolutionConfigurationPlatforms) = preSolution
		Debug|Any CPU = Debug|Any CPU
		Release|Any CPU = Release|Any CPU
	EndGlobalSection
	GlobalSection(ProjectConfigurationPlatforms) = postSolution
		{45EC18EB-C023-4C69-B770-9A1DC99103EF}.Debug|Any CPU.ActiveCfg = Debug|Any CPU
		{45EC18EB-C023-4C69-B770-9A1DC99103EF}.Debug|Any CPU.Build.0 = Debug|Any CPU
		{45EC18EB-C023-4C69-B770-9A1DC99103EF}.Debug|Any CPU.Deploy.0 = Debug|Any CPU
		{45EC18EB-C023-4C69-B770-9A1DC99103EF}.Release|Any CPU.ActiveCfg = Release|Any CPU
		{45EC18EB-C023-4C69-B770-9A1DC99103EF}.Release|Any CPU.Build.0 = Release|Any CPU
		{45EC18EB-C023-4C69-B770-9A1DC99103EF}.Release|Any CPU.Deploy.0 = Release|Any CPU
		{73CA00A6-0CD1-4D6E-8D68-2830FAF6CD79}.Debug|Any CPU.ActiveCfg = Debug|Any CPU
		{73CA00A6-0CD1-4D6E-8D68-2830FAF6CD79}.Debug|Any CPU.Build.0 = Debug|Any CPU
		{73CA00A6-0CD1-4D6E-8D68-2830FAF6CD79}.Debug|Any CPU.Deploy.0 = Debug|Any CPU
		{73CA00A6-0CD1-4D6E-8D68-2830FAF6CD79}.Release|Any CPU.ActiveCfg = Release|Any CPU
		{73CA00A6-0CD1-4D6E-8D68-2830FAF6CD79}.Release|Any CPU.Build.0 = Release|Any CPU
		{73CA00A6-0CD1-4D6E-8D68-2830FAF6CD79}.Release|Any CPU.Deploy.0 = Release|Any CPU
	EndGlobalSection
	GlobalSection(SolutionProperties) = preSolution
		HideSolutionNode = FALSE
	EndGlobalSection
	GlobalSection(ExtensibilityGlobals) = postSolution
		SolutionGuid = {13716202-0991-449B-942D-8F9D8047071D}
	EndGlobalSection
EndGlobal
